{
  "name": "fuzz",
  "version": "1.0.0",
  "lockfileVersion": 1,
  "requires": true,
  "dependencies": {
    "lodash": {
      "version": "4.17.15",
      "resolved": "https://registry.npmjs.org/lodash/-/lodash-4.17.15.tgz",
      "integrity": "sha512-8xOcRHvCjnocdS5cpwXQXVzmmh5e5+saE2QGoeQmbKmRS6J3VQppPOIt0MnmE+4xlZoumy0GPG0D0MVIQbNA1A=="
    },
    "papaparse": {
      "version": "5.1.0",
      "resolved": "https://registry.npmjs.org/papaparse/-/papaparse-5.1.0.tgz",
      "integrity": "sha512-3jEYMiCc8qN7V5ffi2BTS2mRauKxCu5AIED6DxbjnHhIm7OY7fzKYkndfPlHWaaKUDCTml5XTU6V+hiuxGlZuw=="
    },
    "prob.js": {
      "version": "1.0.6",
      "resolved": "https://registry.npmjs.org/prob.js/-/prob.js-1.0.6.tgz",
      "integrity": "sha1-65xNlIb5QhQFCWeqv7X9ks7MD/8=",
      "requires": {
        "random-js": "1.0.8"
      }
    },
    "random-js": {
      "version": "1.0.8",
      "resolved": "https://registry.npmjs.org/random-js/-/random-js-1.0.8.tgz",
      "integrity": "sha1-lo/WiabyXWwKrHZig94vaIycGQo="
    },
    "unique-names-generator": {
      "version": "4.1.1",
      "resolved": "https://registry.npmjs.org/unique-names-generator/-/unique-names-generator-4.1.1.tgz",
      "integrity": "sha512-f3FzkJEBVUoUueeA17DzfOqa8eT7VinEKOP32Wdqbe8SzSkU/4afIEfm4KP5W+GCALpUQmW3X/SdSyTP5ES5MQ=="
    }
  }
}
